
Microsoft Visual Studio Solution File, Format Version 12.00
# Visual Studio Version 16
VisualStudioVersion = 16.0.30611.23
MinimumVisualStudioVersion = 10.0.40219.1
Project("{9A19103F-16F7-4668-BE54-9A1E7A4F7556}") = "Google.Cloud.EntityFrameworkCore.Spanner", "Google.Cloud.EntityFrameworkCore.Spanner\Google.Cloud.EntityFrameworkCore.Spanner.csproj", "{60AEC119-8753-4D0C-A9BA-CECDDFB2864E}"
EndProject
Project("{9A19103F-16F7-4668-BE54-9A1E7A4F7556}") = "Google.Cloud.EntityFrameworkCore.Spanner.IntegrationTests", "Google.Cloud.EntityFrameworkCore.Spanner.IntegrationTests\Google.Cloud.EntityFrameworkCore.Spanner.IntegrationTests.csproj", "{783D23AA-8DF3-4A86-930F-101DAAD09B2A}"
EndProject
Project("{9A19103F-16F7-4668-BE54-9A1E7A4F7556}") = "Google.Cloud.EntityFrameworkCore.Spanner.Tests", "Google.Cloud.EntityFrameworkCore.Spanner.Tests\Google.Cloud.EntityFrameworkCore.Spanner.Tests.csproj", "{D95F20F2-94D4-45E9-9AB8-95D7179B48AD}"
EndProject
Project("{FAE04EC0-301F-11D3-BF4B-00C04F79EFBC}") = "Google.Cloud.EntityFrameworkCore.Spanner.Samples", "Google.Cloud.EntityFrameworkCore.Spanner.Samples\Google.Cloud.EntityFrameworkCore.Spanner.Samples.csproj", "{E37C9685-BAA3-4A83-8259-3C25730E6E36}"
EndProject
Global
	GlobalSection(SolutionConfigurationPlatforms) = preSolution
		Debug|Any CPU = Debug|Any CPU
		Release|Any CPU = Release|Any CPU
	EndGlobalSection
	GlobalSection(ProjectConfigurationPlatforms) = postSolution
		{60AEC119-8753-4D0C-A9BA-CECDDFB2864E}.Debug|Any CPU.ActiveCfg = Debug|Any CPU
		{60AEC119-8753-4D0C-A9BA-CECDDFB2864E}.Debug|Any CPU.Build.0 = Debug|Any CPU
		{60AEC119-8753-4D0C-A9BA-CECDDFB2864E}.Release|Any CPU.ActiveCfg = Release|Any CPU
		{60AEC119-8753-4D0C-A9BA-CECDDFB2864E}.Release|Any CPU.Build.0 = Release|Any CPU
		{783D23AA-8DF3-4A86-930F-101DAAD09B2A}.Debug|Any CPU.ActiveCfg = Debug|Any CPU
		{783D23AA-8DF3-4A86-930F-101DAAD09B2A}.Debug|Any CPU.Build.0 = Debug|Any CPU
		{783D23AA-8DF3-4A86-930F-101DAAD09B2A}.Release|Any CPU.ActiveCfg = Release|Any CPU
		{783D23AA-8DF3-4A86-930F-101DAAD09B2A}.Release|Any CPU.Build.0 = Release|Any CPU
		{D95F20F2-94D4-45E9-9AB8-95D7179B48AD}.Debug|Any CPU.ActiveCfg = Debug|Any CPU
		{D95F20F2-94D4-45E9-9AB8-95D7179B48AD}.Debug|Any CPU.Build.0 = Debug|Any CPU
		{D95F20F2-94D4-45E9-9AB8-95D7179B48AD}.Release|Any CPU.ActiveCfg = Release|Any CPU
		{D95F20F2-94D4-45E9-9AB8-95D7179B48AD}.Release|Any CPU.Build.0 = Release|Any CPU
		{E37C9685-BAA3-4A83-8259-3C25730E6E36}.Debug|Any CPU.ActiveCfg = Debug|Any CPU
		{E37C9685-BAA3-4A83-8259-3C25730E6E36}.Debug|Any CPU.Build.0 = Debug|Any CPU
		{E37C9685-BAA3-4A83-8259-3C25730E6E36}.Release|Any CPU.ActiveCfg = Release|Any CPU
		{E37C9685-BAA3-4A83-8259-3C25730E6E36}.Release|Any CPU.Build.0 = Release|Any CPU
	EndGlobalSection
	GlobalSection(SolutionProperties) = preSolution
		HideSolutionNode = FALSE
	EndGlobalSection
	GlobalSection(ExtensibilityGlobals) = postSolution
		SolutionGuid = {F0833966-9CD5-4A10-B7C9-DF865755932F}
	EndGlobalSection
EndGlobal
